<Solution>
  <Folder Name="/samples/">
    <Project Path="samples/Barbatos.Migration.Wpf.Sample/Barbatos.Migration.Wpf.Sample.csproj" />
  </Folder>
  <Folder Name="/Solution Items/">
    <File Path=".editorconfig" />
    <File Path="Directory.Build.props" />
    <File Path="Directory.Build.targets" />
    <File Path="Directory.Packages.props" />
    <File Path="nuget.config" />
    <File Path="README.md" />
    <File Path="API-REFERENCE.md" />
    <File Path="ThirdPartyNotices.txt" />
  </Folder>
  <Folder Name="/src/">
    <Project Path="src/Barbatos.Migration.Core/Barbatos.Migration.Core.csproj" />
    <Project Path="src/Barbatos.Migration.Csv/Barbatos.Migration.Csv.csproj" />
    <Project Path="src/Barbatos.Migration.Database/Barbatos.Migration.Database.csproj" />
    <Project Path="src/Barbatos.Migration.DependencyInjection/Barbatos.Migration.DependencyInjection.csproj" />
    <Project Path="src/Barbatos.Migration.EntityFrameworkCore/Barbatos.Migration.EntityFrameworkCore.csproj" />
    <Project Path="src/Barbatos.Migration.FileSystem/Barbatos.Migration.FileSystem.csproj" />
    <Project Path="src/Barbatos.Migration.Ini/Barbatos.Migration.Ini.csproj" />
    <Project Path="src/Barbatos.Migration.Json/Barbatos.Migration.Json.csproj" />
    <Project Path="src/Barbatos.Migration.Wpf/Barbatos.Migration.Wpf.csproj" />
  </Folder>
  <Folder Name="/tests/">
    <Project Path="tests/Barbatos.Migration.Core.UnitTests/Barbatos.Migration.Core.UnitTests.csproj" />
    <Project Path="tests/Barbatos.Migration.DependencyInjection.UnitTests/Barbatos.Migration.DependencyInjection.UnitTests.csproj" />
    <Project Path="tests/Barbatos.Migration.EntityFrameworkCore.UnitTests/Barbatos.Migration.EntityFrameworkCore.UnitTests.csproj" />
    <Project Path="tests/Barbatos.Migration.Wpf.UnitTests/Barbatos.Migration.Wpf.UnitTests.csproj" />
  </Folder>
</Solution>
